
Microsoft Visual Studio Solution File, Format Version 12.00
# Visual Studio Version 17
VisualStudioVersion = 17.2.32526.322
MinimumVisualStudioVersion = 10.0.40219.1
Project("{FAE04EC0-301F-11D3-BF4B-00C04F79EFBC}") = "ProjectManagementTool2", "ProjectManagementTool2\ProjectManagementTool2.csproj", "{139048B3-514E-4D91-AA9D-F44EA303DD4D}"
EndProject
Project("{FAE04EC0-301F-11D3-BF4B-00C04F79EFBC}") = "ProjectManagementTool2.DAL", "ProjectManagementTool2.DAL\ProjectManagementTool2.DAL.csproj", "{AF5C9E53-B9E1-485C-86EB-A4A2B33C82E4}"
EndProject
Project("{FAE04EC0-301F-11D3-BF4B-00C04F79EFBC}") = "ProjectManagementTool2.Logic", "ProjectManagementTool2.Logic\ProjectManagementTool2.Logic.csproj", "{3927A903-1362-4E36-8557-7978A6981E94}"
EndProject
Global
	GlobalSection(SolutionConfigurationPlatforms) = preSolution
		Debug|Any CPU = Debug|Any CPU
		Release|Any CPU = Release|Any CPU
	EndGlobalSection
	GlobalSection(ProjectConfigurationPlatforms) = postSolution
		{139048B3-514E-4D91-AA9D-F44EA303DD4D}.Debug|Any CPU.ActiveCfg = Debug|Any CPU
		{139048B3-514E-4D91-AA9D-F44EA303DD4D}.Debug|Any CPU.Build.0 = Debug|Any CPU
		{139048B3-514E-4D91-AA9D-F44EA303DD4D}.Release|Any CPU.ActiveCfg = Release|Any CPU
		{139048B3-514E-4D91-AA9D-F44EA303DD4D}.Release|Any CPU.Build.0 = Release|Any CPU
		{AF5C9E53-B9E1-485C-86EB-A4A2B33C82E4}.Debug|Any CPU.ActiveCfg = Debug|Any CPU
		{AF5C9E53-B9E1-485C-86EB-A4A2B33C82E4}.Debug|Any CPU.Build.0 = Debug|Any CPU
		{AF5C9E53-B9E1-485C-86EB-A4A2B33C82E4}.Release|Any CPU.ActiveCfg = Release|Any CPU
		{AF5C9E53-B9E1-485C-86EB-A4A2B33C82E4}.Release|Any CPU.Build.0 = Release|Any CPU
		{3927A903-1362-4E36-8557-7978A6981E94}.Debug|Any CPU.ActiveCfg = Debug|Any CPU
		{3927A903-1362-4E36-8557-7978A6981E94}.Debug|Any CPU.Build.0 = Debug|Any CPU
		{3927A903-1362-4E36-8557-7978A6981E94}.Release|Any CPU.ActiveCfg = Release|Any CPU
		{3927A903-1362-4E36-8557-7978A6981E94}.Release|Any CPU.Build.0 = Release|Any CPU
	EndGlobalSection
	GlobalSection(SolutionProperties) = preSolution
		HideSolutionNode = FALSE
	EndGlobalSection
	GlobalSection(ExtensibilityGlobals) = postSolution
		SolutionGuid = {68F62C7D-C0B0-403A-B567-C6FE3A917722}
	EndGlobalSection
EndGlobal
